// !$*UTF8*$!
{
	archiveVersion = 1;
	classes = {
	};
	objectVersion = 46;
	objects = {

/* Begin PBXAggregateTarget section */
		9E7DF450A20A4E49818B7EA9 /* 19TETSynth - All */ = {
			isa = PBXAggregateTarget;
			buildConfigurationList = B7188B35E440C26134E9A74D /* Build configuration list for PBXAggregateTarget "19TETSynth - All" */;
			buildPhases = (
			);
			dependencies = (
				A7BB6151C9BAE41AB10D2B75 /* PBXTargetDependency */,
				727670293536433287E79301 /* PBXTargetDependency */,
				CF3B3107AD392722C588F9C2 /* PBXTargetDependency */,
				2E908CBC21FA352C786231DB /* PBXTargetDependency */,
			);
			name = "19TETSynth - All";
			productName = 19TETSynth;
		};
/* End PBXAggregateTarget section */

/* Begin PBXBuildFile section */
		09D5D15A7F83E5FFE8CF4DD8 /* CoreAudioKit.framework in Frameworks */ = {isa = PBXBuildFile; fileRef = FE1D6ECF9CC7C6FA5AB7964B /* CoreAudioKit.framework */; };
		14BD73D524A4F6C100370331 /* RecentFilesMenuTemplate.nib in Resources */ = {isa = PBXBuildFile; fileRef = 94B1CBF454C9E5E8CA3832A8 /* RecentFilesMenuTemplate.nib */; };
		14BD73D624A4F6C100370331 /* Accelerate.framework in Frameworks */ = {isa = PBXBuildFile; fileRef = 8FDBF2ECB515E197CCB90191 /* Accelerate.framework */; };
		14BD73D724A4F6C100370331 /* AudioToolbox.framework in Frameworks */ = {isa = PBXBuildFile; fileRef = 1D56A3DA0EEED48BE3ED2B45 /* AudioToolbox.framework */; };
		14BD73D824A4F6C100370331 /* Carbon.framework in Frameworks */ = {isa = PBXBuildFile; fileRef = CA07E4598DC4A2ECB179DD5E /* Carbon.framework */; };
		14BD73D924A4F6C100370331 /* Cocoa.framework in Frameworks */ = {isa = PBXBuildFile; fileRef = C5004B6AFF5A9E1CAF4E483D /* Cocoa.framework */; };
		14BD73DA24A4F6C100370331 /* CoreAudio.framework in Frameworks */ = {isa = PBXBuildFile; fileRef = E315B5B0607229C50F14CCE5 /* CoreAudio.framework */; };
		14BD73DB24A4F6C100370331 /* CoreAudioKit.framework in Frameworks */ = {isa = PBXBuildFile; fileRef = FE1D6ECF9CC7C6FA5AB7964B /* CoreAudioKit.framework */; };
		14BD73DC24A4F6C100370331 /* CoreMIDI.framework in Frameworks */ = {isa = PBXBuildFile; fileRef = A7DBA404F31ABE2F7FEEE7B4 /* CoreMIDI.framework */; };
		14BD73DD24A4F6C100370331 /* DiscRecording.framework in Frameworks */ = {isa = PBXBuildFile; fileRef = 902065CCA25926055C62C8DB /* DiscRecording.framework */; };
		14BD73DE24A4F6C100370331 /* IOKit.framework in Frameworks */ = {isa = PBXBuildFile; fileRef = 1BA044ABC31569A0C94DEE00 /* IOKit.framework */; };
		14BD73DF24A4F6C100370331 /* OpenGL.framework in Frameworks */ = {isa = PBXBuildFile; fileRef = EC957592FCFBEF99563856EA /* OpenGL.framework */; };
		14BD73E024A4F6C100370331 /* QuartzCore.framework in Frameworks */ = {isa = PBXBuildFile; fileRef = AB1D1D86CF2054189CB3EEA2 /* QuartzCore.framework */; };
		14BD73E124A4F6C100370331 /* WebKit.framework in Frameworks */ = {isa = PBXBuildFile; fileRef = 03AE95123453DAFD6E61EB8A /* WebKit.framework */; };
		14BD73E224A4F6C100370331 /* RecentFilesMenuTemplate.nib in Resources */ = {isa = PBXBuildFile; fileRef = 94B1CBF454C9E5E8CA3832A8 /* RecentFilesMenuTemplate.nib */; };
		14BD73E324A4F6C100370331 /* Accelerate.framework in Frameworks */ = {isa = PBXBuildFile; fileRef = 8FDBF2ECB515E197CCB90191 /* Accelerate.framework */; };
		14BD73E424A4F6C100370331 /* AudioToolbox.framework in Frameworks */ = {isa = PBXBuildFile; fileRef = 1D56A3DA0EEED48BE3ED2B45 /* AudioToolbox.framework */; };
		14BD73E524A4F6C100370331 /* Carbon.framework in Frameworks */ = {isa = PBXBuildFile; fileRef = CA07E4598DC4A2ECB179DD5E /* Carbon.framework */; };
		14BD73E624A4F6C100370331 /* Cocoa.framework in Frameworks */ = {isa = PBXBuildFile; fileRef = C5004B6AFF5A9E1CAF4E483D /* Cocoa.framework */; };
		14BD73E724A4F6C100370331 /* CoreAudio.framework in Frameworks */ = {isa = PBXBuildFile; fileRef = E315B5B0607229C50F14CCE5 /* CoreAudio.framework */; };
		14BD73E824A4F6C100370331 /* CoreAudioKit.framework in Frameworks */ = {isa = PBXBuildFile; fileRef = FE1D6ECF9CC7C6FA5AB7964B /* CoreAudioKit.framework */; };
		14BD73E924A4F6C100370331 /* CoreMIDI.framework in Frameworks */ = {isa = PBXBuildFile; fileRef = A7DBA404F31ABE2F7FEEE7B4 /* CoreMIDI.framework */; };
		14BD73EA24A4F6C100370331 /* DiscRecording.framework in Frameworks */ = {isa = PBXBuildFile; fileRef = 902065CCA25926055C62C8DB /* DiscRecording.framework */; };
		14BD73EB24A4F6C100370331 /* IOKit.framework in Frameworks */ = {isa = PBXBuildFile; fileRef = 1BA044ABC31569A0C94DEE00 /* IOKit.framework */; };
		14BD73EC24A4F6C100370331 /* OpenGL.framework in Frameworks */ = {isa = PBXBuildFile; fileRef = EC957592FCFBEF99563856EA /* OpenGL.framework */; };
		14BD73ED24A4F6C100370331 /* QuartzCore.framework in Frameworks */ = {isa = PBXBuildFile; fileRef = AB1D1D86CF2054189CB3EEA2 /* QuartzCore.framework */; };
		14BD73EE24A4F6C100370331 /* WebKit.framework in Frameworks */ = {isa = PBXBuildFile; fileRef = 03AE95123453DAFD6E61EB8A /* WebKit.framework */; };
		164EEE75A821898D77C9EF2D /* include_juce_core.mm in Sources */ = {isa = PBXBuildFile; fileRef = 80B831D08AE9BC1268F49A3B /* include_juce_core.mm */; };
		16E96323B3215E033CBDC29B /* include_juce_audio_plugin_client_Standalone.cpp in Sources */ = {isa = PBXBuildFile; fileRef = 51F8213D5ECCA4F86F4A47E4 /* include_juce_audio_plugin_client_Standalone.cpp */; };
		1B07716E153840B136480048 /* include_juce_opengl.mm in Sources */ = {isa = PBXBuildFile; fileRef = 3925FFBCC02B2ABAA75F4347 /* include_juce_opengl.mm */; };
		1D8A3F4215B03C1D0DB7F739 /* include_juce_audio_processors.mm in Sources */ = {isa = PBXBuildFile; fileRef = 31AEE3C7CB4AC44700C998C2 /* include_juce_audio_processors.mm */; };
		1E3D158200539A0FA069E63B /* CoreAudio.framework in Frameworks */ = {isa = PBXBuildFile; fileRef = E315B5B0607229C50F14CCE5 /* CoreAudio.framework */; };
		22FA0386E00AF24C15CA59A7 /* Carbon.framework in Frameworks */ = {isa = PBXBuildFile; fileRef = CA07E4598DC4A2ECB179DD5E /* Carbon.framework */; };
		2491D7E44C8D476687F56FC3 /* include_juce_audio_plugin_client_VST_utils.mm in Sources */ = {isa = PBXBuildFile; fileRef = 3BC17E3FD8B3C7A791342185 /* include_juce_audio_plugin_client_VST_utils.mm */; };
		2A7B109FA762059AF1239D84 /* include_juce_audio_plugin_client_AU_1.mm in Sources */ = {isa = PBXBuildFile; fileRef = 39A4CE423CE85260FEE513FF /* include_juce_audio_plugin_client_AU_1.mm */; };
		2D5629F67E6814949FA6635A /* OpenGL.framework in Frameworks */ = {isa = PBXBuildFile; fileRef = EC957592FCFBEF99563856EA /* OpenGL.framework */; };
		46D35FBC33EEC03D316AC958 /* include_juce_audio_plugin_client_utils.cpp in Sources */ = {isa = PBXBuildFile; fileRef = FA237ECFEF381FA3B06E2955 /* include_juce_audio_plugin_client_utils.cpp */; };
		50A5746B3C2B8CFFB3E14DB7 /* PluginProcessor.cpp in Sources */ = {isa = PBXBuildFile; fileRef = C644C5D07398DB431C20C3B5 /* PluginProcessor.cpp */; };
		594FBAEBFD24AF9CAC2AD1FC /* include_juce_audio_plugin_client_AU.r in Rez */ = {isa = PBXBuildFile; fileRef = 962D6CAB5BAB5C2C22F6460C /* include_juce_audio_plugin_client_AU.r */; };
		5F6879A01A0DE19045DD9D17 /* PluginEditor.cpp in Sources */ = {isa = PBXBuildFile; fileRef = 8620BF6C980C30BF3A132CEE /* PluginEditor.cpp */; };
		6889D9D34DACDE738D1B2778 /* IOKit.framework in Frameworks */ = {isa = PBXBuildFile; fileRef = 1BA044ABC31569A0C94DEE00 /* IOKit.framework */; };
		6BF574D8E88595C6805A5BD0 /* Accelerate.framework in Frameworks */ = {isa = PBXBuildFile; fileRef = 8FDBF2ECB515E197CCB90191 /* Accelerate.framework */; };
		725034B8FF8E2056294627BA /* include_juce_audio_basics.mm in Sources */ = {isa = PBXBuildFile; fileRef = BFF0AD22F801F17F1701C736 /* include_juce_audio_basics.mm */; };
		744CAC869944CDCEAEB52941 /* WebKit.framework in Frameworks */ = {isa = PBXBuildFile; fileRef = 03AE95123453DAFD6E61EB8A /* WebKit.framework */; };
		772C0AB9C8140E065ECAFDF8 /* Cocoa.framework in Frameworks */ = {isa = PBXBuildFile; fileRef = C5004B6AFF5A9E1CAF4E483D /* Cocoa.framework */; };
		7CFF2BE8DA69502B124762FF /* include_juce_audio_plugin_client_AU_2.mm in Sources */ = {isa = PBXBuildFile; fileRef = 7F083AFC533A2BEF42916C21 /* include_juce_audio_plugin_client_AU_2.mm */; };
		80979C17B3C96AD5A166B999 /* AudioUnit.framework in Frameworks */ = {isa = PBXBuildFile; fileRef = 3C55B2503E6FCF0D875537AA /* AudioUnit.framework */; };
		8BE60DFFDD6D56C9A8A41FE0 /* include_juce_audio_formats.mm in Sources */ = {isa = PBXBuildFile; fileRef = 081D429153B80683B512BF93 /* include_juce_audio_formats.mm */; };
		8D12D580DBBC6A327BC5A474 /* include_juce_audio_plugin_client_VST3.cpp in Sources */ = {isa = PBXBuildFile; fileRef = 5598D3773C609B9CAB39C465 /* include_juce_audio_plugin_client_VST3.cpp */; };
		9445E3FFF5D78F61ED1D1032 /* include_juce_gui_extra.mm in Sources */ = {isa = PBXBuildFile; fileRef = E38FEA63E66537A263C1D230 /* include_juce_gui_extra.mm */; };
		9EC778BFEA60B4768640A9BB /* include_juce_gui_basics.mm in Sources */ = {isa = PBXBuildFile; fileRef = 686DCC59A034A1BE651CB435 /* include_juce_gui_basics.mm */; };
		9F356EB56E222C13E7DC8584 /* include_juce_events.mm in Sources */ = {isa = PBXBuildFile; fileRef = 2B809D1435EA24CFA2AD5359 /* include_juce_events.mm */; };
		A11F4454780AEFF0DBE9A6D2 /* include_juce_data_structures.mm in Sources */ = {isa = PBXBuildFile; fileRef = 4A5CA35D9B415BD7287CCD62 /* include_juce_data_structures.mm */; };
		C9F07FF13BA7AAA32EF2FDDA /* QuartzCore.framework in Frameworks */ = {isa = PBXBuildFile; fileRef = AB1D1D86CF2054189CB3EEA2 /* QuartzCore.framework */; };
		CF55F861BB593488D9FBFBD5 /* include_juce_audio_devices.mm in Sources */ = {isa = PBXBuildFile; fileRef = 8C59F4FD273D974B5F59409C /* include_juce_audio_devices.mm */; };
		CFDBE02EECFDF7BC7A2E137C /* DiscRecording.framework in Frameworks */ = {isa = PBXBuildFile; fileRef = 902065CCA25926055C62C8DB /* DiscRecording.framework */; };
		D0293351839435A85D8B7BFF /* AudioToolbox.framework in Frameworks */ = {isa = PBXBuildFile; fileRef = 1D56A3DA0EEED48BE3ED2B45 /* AudioToolbox.framework */; };
		D89E7222AC6FD17321D66B9E /* include_juce_graphics.mm in Sources */ = {isa = PBXBuildFile; fileRef = 587698768F90511695DF5424 /* include_juce_graphics.mm */; };
		E1126D251EF458EC43770B6D /* include_juce_cryptography.mm in Sources */ = {isa = PBXBuildFile; fileRef = 62BCF5DE2DD305E30B85890B /* include_juce_cryptography.mm */; };
		F1C884BB248D21486DD41D0D /* CoreMIDI.framework in Frameworks */ = {isa = PBXBuildFile; fileRef = A7DBA404F31ABE2F7FEEE7B4 /* CoreMIDI.framework */; };
		F60347ACB30B2CCB52BD246B /* include_juce_audio_utils.mm in Sources */ = {isa = PBXBuildFile; fileRef = D4EBF9D32CCE91D1158E1B37 /* include_juce_audio_utils.mm */; };
		F6DAE26989475055CC6A86FD /* RecentFilesMenuTemplate.nib in Resources */ = {isa = PBXBuildFile; fileRef = 94B1CBF454C9E5E8CA3832A8 /* RecentFilesMenuTemplate.nib */; };
/* End PBXBuildFile section */

/* Begin PBXContainerItemProxy section */
		14BD73EF24A4F6C200370331 /* PBXContainerItemProxy */ = {
			isa = PBXContainerItemProxy;
			containerPortal = AFC187B3BDDCB80B4C32B176 /* Project object */;
			proxyType = 1;
			remoteGlobalIDString = A3F63ACC04962B4D354A8F30;
			remoteInfo = "19TETSynth - Shared Code";
		};
		14BD73F024A4F6C200370331 /* PBXContainerItemProxy */ = {
			isa = PBXContainerItemProxy;
			containerPortal = AFC187B3BDDCB80B4C32B176 /* Project object */;
			proxyType = 1;
			remoteGlobalIDString = 2BCB498ECC91845D96995FB3;
			remoteInfo = "19TETSynth - VST3";
		};
		14BD73F124A4F6C200370331 /* PBXContainerItemProxy */ = {
			isa = PBXContainerItemProxy;
			containerPortal = AFC187B3BDDCB80B4C32B176 /* Project object */;
			proxyType = 1;
			remoteGlobalIDString = 4BEEDDBD3930B4BC9757C1E4;
			remoteInfo = "19TETSynth - AU";
		};
		14BD73F224A4F6C200370331 /* PBXContainerItemProxy */ = {
			isa = PBXContainerItemProxy;
			containerPortal = AFC187B3BDDCB80B4C32B176 /* Project object */;
			proxyType = 1;
			remoteGlobalIDString = 0D140891D06D06D0AC87C01F;
			remoteInfo = "19TETSynth - Standalone Plugin";
		};
/* End PBXContainerItemProxy section */

/* Begin PBXFileReference section */
		03AE95123453DAFD6E61EB8A /* WebKit.framework */ = {isa = PBXFileReference; lastKnownFileType = wrapper.framework; name = WebKit.framework; path = System/Library/Frameworks/WebKit.framework; sourceTree = SDKROOT; };
		081D429153B80683B512BF93 /* include_juce_audio_formats.mm */ = {isa = PBXFileReference; lastKnownFileType = sourcecode.cpp.objcpp; name = include_juce_audio_formats.mm; path = ../../JuceLibraryCode/include_juce_audio_formats.mm; sourceTree = SOURCE_ROOT; };
		106D7EF710A1C26AC0547164 /* juce_audio_basics */ = {isa = PBXFileReference; lastKnownFileType = folder; name = juce_audio_basics; path = /Users/zack/Documents/JUCE/modules/juce_audio_basics; sourceTree = "<absolute>"; };
		19BA8D2BE9749F40D8C1F67B /* juce_events */ = {isa = PBXFileReference; lastKnownFileType = folder; name = juce_events; path = /Users/zack/Documents/JUCE/modules/juce_events; sourceTree = "<absolute>"; };
		1BA044ABC31569A0C94DEE00 /* IOKit.framework */ = {isa = PBXFileReference; lastKnownFileType = wrapper.framework; name = IOKit.framework; path = System/Library/Frameworks/IOKit.framework; sourceTree = SDKROOT; };
		1D56A3DA0EEED48BE3ED2B45 /* AudioToolbox.framework */ = {isa = PBXFileReference; lastKnownFileType = wrapper.framework; name = AudioToolbox.framework; path = System/Library/Frameworks/AudioToolbox.framework; sourceTree = SDKROOT; };
		1DF5350CA3D08161FBD67059 /* juce_audio_formats */ = {isa = PBXFileReference; lastKnownFileType = folder; name = juce_audio_formats; path = /Users/zack/Documents/JUCE/modules/juce_audio_formats; sourceTree = "<absolute>"; };
		1EBFA533C3A8E0B7492B30EA /* juce_core */ = {isa = PBXFileReference; lastKnownFileType = folder; name = juce_core; path = /Users/zack/Documents/JUCE/modules/juce_core; sourceTree = "<absolute>"; };
		22C6911D4B8B93CC5FFA4165 /* JuceHeader.h */ = {isa = PBXFileReference; lastKnownFileType = sourcecode.c.h; name = JuceHeader.h; path = ../../JuceLibraryCode/JuceHeader.h; sourceTree = SOURCE_ROOT; };
		2B809D1435EA24CFA2AD5359 /* include_juce_events.mm */ = {isa = PBXFileReference; lastKnownFileType = sourcecode.cpp.objcpp; name = include_juce_events.mm; path = ../../JuceLibraryCode/include_juce_events.mm; sourceTree = SOURCE_ROOT; };
		31AEE3C7CB4AC44700C998C2 /* include_juce_audio_processors.mm */ = {isa = PBXFileReference; lastKnownFileType = sourcecode.cpp.objcpp; name = include_juce_audio_processors.mm; path = ../../JuceLibraryCode/include_juce_audio_processors.mm; sourceTree = SOURCE_ROOT; };
		3925FFBCC02B2ABAA75F4347 /* include_juce_opengl.mm */ = {isa = PBXFileReference; lastKnownFileType = sourcecode.cpp.objcpp; name = include_juce_opengl.mm; path = ../../JuceLibraryCode/include_juce_opengl.mm; sourceTree = SOURCE_ROOT; };
		39A4CE423CE85260FEE513FF /* include_juce_audio_plugin_client_AU_1.mm */ = {isa = PBXFileReference; lastKnownFileType = sourcecode.cpp.objcpp; name = include_juce_audio_plugin_client_AU_1.mm; path = ../../JuceLibraryCode/include_juce_audio_plugin_client_AU_1.mm; sourceTree = SOURCE_ROOT; };
		3BC17E3FD8B3C7A791342185 /* include_juce_audio_plugin_client_VST_utils.mm */ = {isa = PBXFileReference; lastKnownFileType = sourcecode.cpp.objcpp; name = include_juce_audio_plugin_client_VST_utils.mm; path = ../../JuceLibraryCode/include_juce_audio_plugin_client_VST_utils.mm; sourceTree = SOURCE_ROOT; };
		3C55B2503E6FCF0D875537AA /* AudioUnit.framework */ = {isa = PBXFileReference; lastKnownFileType = wrapper.framework; name = AudioUnit.framework; path = System/Library/Frameworks/AudioUnit.framework; sourceTree = SDKROOT; };
		3C8529200FCCD595C98D218D /* juce_gui_extra */ = {isa = PBXFileReference; lastKnownFileType = folder; name = juce_gui_extra; path = /Users/zack/Documents/JUCE/modules/juce_gui_extra; sourceTree = "<absolute>"; };
		3EEA0F8302EE361AE23F01EA /* 19TETSynth.component */ = {isa = PBXFileReference; explicitFileType = wrapper.cfbundle; includeInIndex = 0; path = 19TETSynth.component; sourceTree = BUILT_PRODUCTS_DIR; };
		475B1E066F7184BAD8F7F0B5 /* Info-Standalone_Plugin.plist */ = {isa = PBXFileReference; lastKnownFileType = text.plist.xml; path = "Info-Standalone_Plugin.plist"; sourceTree = SOURCE_ROOT; };
		4823F86CAD14112F3108725A /* juce_audio_utils */ = {isa = PBXFileReference; lastKnownFileType = folder; name = juce_audio_utils; path = /Users/zack/Documents/JUCE/modules/juce_audio_utils; sourceTree = "<absolute>"; };
		48F37576A937FAD6D9B27425 /* juce_opengl */ = {isa = PBXFileReference; lastKnownFileType = folder; name = juce_opengl; path = /Users/zack/Documents/JUCE/modules/juce_opengl; sourceTree = "<absolute>"; };
		4A5CA35D9B415BD7287CCD62 /* include_juce_data_structures.mm */ = {isa = PBXFileReference; lastKnownFileType = sourcecode.cpp.objcpp; name = include_juce_data_structures.mm; path = ../../JuceLibraryCode/include_juce_data_structures.mm; sourceTree = SOURCE_ROOT; };
		4AC9B3FEA35276B10A8A4D29 /* SynthSound.h */ = {isa = PBXFileReference; lastKnownFileType = sourcecode.c.h; name = SynthSound.h; path = ../../Source/SynthSound.h; sourceTree = SOURCE_ROOT; };
		51F8213D5ECCA4F86F4A47E4 /* include_juce_audio_plugin_client_Standalone.cpp */ = {isa = PBXFileReference; lastKnownFileType = sourcecode.cpp.cpp; name = include_juce_audio_plugin_client_Standalone.cpp; path = ../../JuceLibraryCode/include_juce_audio_plugin_client_Standalone.cpp; sourceTree = SOURCE_ROOT; };
		5598D3773C609B9CAB39C465 /* include_juce_audio_plugin_client_VST3.cpp */ = {isa = PBXFileReference; lastKnownFileType = sourcecode.cpp.cpp; name = include_juce_audio_plugin_client_VST3.cpp; path = ../../JuceLibraryCode/include_juce_audio_plugin_client_VST3.cpp; sourceTree = SOURCE_ROOT; };
		587698768F90511695DF5424 /* include_juce_graphics.mm */ = {isa = PBXFileReference; lastKnownFileType = sourcecode.cpp.objcpp; name = include_juce_graphics.mm; path = ../../JuceLibraryCode/include_juce_graphics.mm; sourceTree = SOURCE_ROOT; };
		62BCF5DE2DD305E30B85890B /* include_juce_cryptography.mm */ = {isa = PBXFileReference; lastKnownFileType = sourcecode.cpp.objcpp; name = include_juce_cryptography.mm; path = ../../JuceLibraryCode/include_juce_cryptography.mm; sourceTree = SOURCE_ROOT; };
		686DCC59A034A1BE651CB435 /* include_juce_gui_basics.mm */ = {isa = PBXFileReference; lastKnownFileType = sourcecode.cpp.objcpp; name = include_juce_gui_basics.mm; path = ../../JuceLibraryCode/include_juce_gui_basics.mm; sourceTree = SOURCE_ROOT; };
		70DA8B508B0D07947FB47563 /* juce_data_structures */ = {isa = PBXFileReference; lastKnownFileType = folder; name = juce_data_structures; path = /Users/zack/Documents/JUCE/modules/juce_data_structures; sourceTree = "<absolute>"; };
		7C8F6956AA21A7C91FD81FFC /* Info-AU.plist */ = {isa = PBXFileReference; lastKnownFileType = text.plist.xml; path = "Info-AU.plist"; sourceTree = SOURCE_ROOT; };
		7F083AFC533A2BEF42916C21 /* include_juce_audio_plugin_client_AU_2.mm */ = {isa = PBXFileReference; lastKnownFileType = sourcecode.cpp.objcpp; name = include_juce_audio_plugin_client_AU_2.mm; path = ../../JuceLibraryCode/include_juce_audio_plugin_client_AU_2.mm; sourceTree = SOURCE_ROOT; };
		80B831D08AE9BC1268F49A3B /* include_juce_core.mm */ = {isa = PBXFileReference; lastKnownFileType = sourcecode.cpp.objcpp; name = include_juce_core.mm; path = ../../JuceLibraryCode/include_juce_core.mm; sourceTree = SOURCE_ROOT; };
		81130809E4BEF18D75A97806 /* 19TETSynth.app */ = {isa = PBXFileReference; explicitFileType = wrapper.application; includeInIndex = 0; path = 19TETSynth.app; sourceTree = BUILT_PRODUCTS_DIR; };
		8175CDE532974D07926EF747 /* PluginProcessor.h */ = {isa = PBXFileReference; lastKnownFileType = sourcecode.c.h; name = PluginProcessor.h; path = ../../Source/PluginProcessor.h; sourceTree = SOURCE_ROOT; };
		8620BF6C980C30BF3A132CEE /* PluginEditor.cpp */ = {isa = PBXFileReference; lastKnownFileType = sourcecode.cpp.cpp; name = PluginEditor.cpp; path = ../../Source/PluginEditor.cpp; sourceTree = SOURCE_ROOT; };
		8C59F4FD273D974B5F59409C /* include_juce_audio_devices.mm */ = {isa = PBXFileReference; lastKnownFileType = sourcecode.cpp.objcpp; name = include_juce_audio_devices.mm; path = ../../JuceLibraryCode/include_juce_audio_devices.mm; sourceTree = SOURCE_ROOT; };
		8FDBF2ECB515E197CCB90191 /* Accelerate.framework */ = {isa = PBXFileReference; lastKnownFileType = wrapper.framework; name = Accelerate.framework; path = System/Library/Frameworks/Accelerate.framework; sourceTree = SDKROOT; };
		902065CCA25926055C62C8DB /* DiscRecording.framework */ = {isa = PBXFileReference; lastKnownFileType = wrapper.framework; name = DiscRecording.framework; path = System/Library/Frameworks/DiscRecording.framework; sourceTree = SDKROOT; };
		91702340094687721906C6F5 /* juce_gui_basics */ = {isa = PBXFileReference; lastKnownFileType = folder; name = juce_gui_basics; path = /Users/zack/Documents/JUCE/modules/juce_gui_basics; sourceTree = "<absolute>"; };
		92791A30DD82AA1F660A4732 /* lib19TETSynth.a */ = {isa = PBXFileReference; explicitFileType = archive.ar; includeInIndex = 0; path = lib19TETSynth.a; sourceTree = BUILT_PRODUCTS_DIR; };
		94B1CBF454C9E5E8CA3832A8 /* RecentFilesMenuTemplate.nib */ = {isa = PBXFileReference; lastKnownFileType = file.nib; path = RecentFilesMenuTemplate.nib; sourceTree = SOURCE_ROOT; };
		962D6CAB5BAB5C2C22F6460C /* include_juce_audio_plugin_client_AU.r */ = {isa = PBXFileReference; lastKnownFileType = file.r; name = include_juce_audio_plugin_client_AU.r; path = ../../JuceLibraryCode/include_juce_audio_plugin_client_AU.r; sourceTree = SOURCE_ROOT; };
		A7DBA404F31ABE2F7FEEE7B4 /* CoreMIDI.framework */ = {isa = PBXFileReference; lastKnownFileType = wrapper.framework; name = CoreMIDI.framework; path = System/Library/Frameworks/CoreMIDI.framework; sourceTree = SDKROOT; };
		AB1D1D86CF2054189CB3EEA2 /* QuartzCore.framework */ = {isa = PBXFileReference; lastKnownFileType = wrapper.framework; name = QuartzCore.framework; path = System/Library/Frameworks/QuartzCore.framework; sourceTree = SDKROOT; };
		BF97DD5F27C275E7E7F32D1E /* juce_audio_processors */ = {isa = PBXFileReference; lastKnownFileType = folder; name = juce_audio_processors; path = /Users/zack/Documents/JUCE/modules/juce_audio_processors; sourceTree = "<absolute>"; };
		BFF0AD22F801F17F1701C736 /* include_juce_audio_basics.mm */ = {isa = PBXFileReference; lastKnownFileType = sourcecode.cpp.objcpp; name = include_juce_audio_basics.mm; path = ../../JuceLibraryCode/include_juce_audio_basics.mm; sourceTree = SOURCE_ROOT; };
		C0A85D00FABDD04D692F5CA6 /* juce_audio_devices */ = {isa = PBXFileReference; lastKnownFileType = folder; name = juce_audio_devices; path = /Users/zack/Documents/JUCE/modules/juce_audio_devices; sourceTree = "<absolute>"; };
		C18D1DCE6C30A68BE9D7D3E7 /* Info-VST3.plist */ = {isa = PBXFileReference; lastKnownFileType = text.plist.xml; path = "Info-VST3.plist"; sourceTree = SOURCE_ROOT; };
		C5004B6AFF5A9E1CAF4E483D /* Cocoa.framework */ = {isa = PBXFileReference; lastKnownFileType = wrapper.framework; name = Cocoa.framework; path = System/Library/Frameworks/Cocoa.framework; sourceTree = SDKROOT; };
		C5821D2A9CCC65D3D11F6104 /* 19TETSynth.vst3 */ = {isa = PBXFileReference; explicitFileType = wrapper.cfbundle; includeInIndex = 0; path = 19TETSynth.vst3; sourceTree = BUILT_PRODUCTS_DIR; };
		C644C5D07398DB431C20C3B5 /* PluginProcessor.cpp */ = {isa = PBXFileReference; lastKnownFileType = sourcecode.cpp.cpp; name = PluginProcessor.cpp; path = ../../Source/PluginProcessor.cpp; sourceTree = SOURCE_ROOT; };
		CA07E4598DC4A2ECB179DD5E /* Carbon.framework */ = {isa = PBXFileReference; lastKnownFileType = wrapper.framework; name = Carbon.framework; path = System/Library/Frameworks/Carbon.framework; sourceTree = SDKROOT; };
		D4EBF9D32CCE91D1158E1B37 /* include_juce_audio_utils.mm */ = {isa = PBXFileReference; lastKnownFileType = sourcecode.cpp.objcpp; name = include_juce_audio_utils.mm; path = ../../JuceLibraryCode/include_juce_audio_utils.mm; sourceTree = SOURCE_ROOT; };
		DC5B1FDEE36854874FE1F035 /* AppConfig.h */ = {isa = PBXFileReference; lastKnownFileType = sourcecode.c.h; name = AppConfig.h; path = ../../JuceLibraryCode/AppConfig.h; sourceTree = SOURCE_ROOT; };
		DF301573BDE2372E23B47793 /* juce_cryptography */ = {isa = PBXFileReference; lastKnownFileType = folder; name = juce_cryptography; path = /Users/zack/Documents/JUCE/modules/juce_cryptography; sourceTree = "<absolute>"; };
		DFDC46DFC77B8DC36FD91C15 /* juce_audio_plugin_client */ = {isa = PBXFileReference; lastKnownFileType = folder; name = juce_audio_plugin_client; path = /Users/zack/Documents/JUCE/modules/juce_audio_plugin_client; sourceTree = "<absolute>"; };
		E0395F944DE3118E4D2D4FB4 /* juce_graphics */ = {isa = PBXFileReference; lastKnownFileType = folder; name = juce_graphics; path = /Users/zack/Documents/JUCE/modules/juce_graphics; sourceTree = "<absolute>"; };
		E315B5B0607229C50F14CCE5 /* CoreAudio.framework */ = {isa = PBXFileReference; lastKnownFileType = wrapper.framework; name = CoreAudio.framework; path = System/Library/Frameworks/CoreAudio.framework; sourceTree = SDKROOT; };
		E38FEA63E66537A263C1D230 /* include_juce_gui_extra.mm */ = {isa = PBXFileReference; lastKnownFileType = sourcecode.cpp.objcpp; name = include_juce_gui_extra.mm; path = ../../JuceLibraryCode/include_juce_gui_extra.mm; sourceTree = SOURCE_ROOT; };
		EC957592FCFBEF99563856EA /* OpenGL.framework */ = {isa = PBXFileReference; lastKnownFileType = wrapper.framework; name = OpenGL.framework; path = System/Library/Frameworks/OpenGL.framework; sourceTree = SDKROOT; };
		F04C6DC15C72EB9A91E16865 /* PluginEditor.h */ = {isa = PBXFileReference; lastKnownFileType = sourcecode.c.h; name = PluginEditor.h; path = ../../Source/PluginEditor.h; sourceTree = SOURCE_ROOT; };
		F211D14AB426006241CB5EC1 /* SynthVoice.h */ = {isa = PBXFileReference; lastKnownFileType = sourcecode.c.h; name = SynthVoice.h; path = ../../Source/SynthVoice.h; sourceTree = SOURCE_ROOT; tabWidth = 3; };
		FA237ECFEF381FA3B06E2955 /* include_juce_audio_plugin_client_utils.cpp */ = {isa = PBXFileReference; lastKnownFileType = sourcecode.cpp.cpp; name = include_juce_audio_plugin_client_utils.cpp; path = ../../JuceLibraryCode/include_juce_audio_plugin_client_utils.cpp; sourceTree = SOURCE_ROOT; };
		FE1D6ECF9CC7C6FA5AB7964B /* CoreAudioKit.framework */ = {isa = PBXFileReference; lastKnownFileType = wrapper.framework; name = CoreAudioKit.framework; path = System/Library/Frameworks/CoreAudioKit.framework; sourceTree = SDKROOT; };
/* End PBXFileReference section */

/* Begin PBXFrameworksBuildPhase section */
		3C9B944B1D890AC8986A427B /* Frameworks */ = {
			isa = PBXFrameworksBuildPhase;
			buildActionMask = 2147483647;
			files = (
				6BF574D8E88595C6805A5BD0 /* Accelerate.framework in Frameworks */,
				D0293351839435A85D8B7BFF /* AudioToolbox.framework in Frameworks */,
				22FA0386E00AF24C15CA59A7 /* Carbon.framework in Frameworks */,
				772C0AB9C8140E065ECAFDF8 /* Cocoa.framework in Frameworks */,
				1E3D158200539A0FA069E63B /* CoreAudio.framework in Frameworks */,
				09D5D15A7F83E5FFE8CF4DD8 /* CoreAudioKit.framework in Frameworks */,
				F1C884BB248D21486DD41D0D /* CoreMIDI.framework in Frameworks */,
				CFDBE02EECFDF7BC7A2E137C /* DiscRecording.framework in Frameworks */,
				6889D9D34DACDE738D1B2778 /* IOKit.framework in Frameworks */,
				2D5629F67E6814949FA6635A /* OpenGL.framework in Frameworks */,
				C9F07FF13BA7AAA32EF2FDDA /* QuartzCore.framework in Frameworks */,
				744CAC869944CDCEAEB52941 /* WebKit.framework in Frameworks */,
			);
			runOnlyForDeploymentPostprocessing = 0;
		};
		6F568118B0EDBD52EE3710DA /* Frameworks */ = {
			isa = PBXFrameworksBuildPhase;
			buildActionMask = 2147483647;
			files = (
				80979C17B3C96AD5A166B999 /* AudioUnit.framework in Frameworks */,
				14BD73D624A4F6C100370331 /* Accelerate.framework in Frameworks */,
				14BD73D724A4F6C100370331 /* AudioToolbox.framework in Frameworks */,
				14BD73D824A4F6C100370331 /* Carbon.framework in Frameworks */,
				14BD73D924A4F6C100370331 /* Cocoa.framework in Frameworks */,
				14BD73DA24A4F6C100370331 /* CoreAudio.framework in Frameworks */,
				14BD73DB24A4F6C100370331 /* CoreAudioKit.framework in Frameworks */,
				14BD73DC24A4F6C100370331 /* CoreMIDI.framework in Frameworks */,
				14BD73DD24A4F6C100370331 /* DiscRecording.framework in Frameworks */,
				14BD73DE24A4F6C100370331 /* IOKit.framework in Frameworks */,
				14BD73DF24A4F6C100370331 /* OpenGL.framework in Frameworks */,
				14BD73E024A4F6C100370331 /* QuartzCore.framework in Frameworks */,
				14BD73E124A4F6C100370331 /* WebKit.framework in Frameworks */,
			);
			runOnlyForDeploymentPostprocessing = 0;
		};
		B633765587017C2828F89D26 /* Frameworks */ = {
			isa = PBXFrameworksBuildPhase;
			buildActionMask = 2147483647;
			files = (
				14BD73E324A4F6C100370331 /* Accelerate.framework in Frameworks */,
				14BD73E424A4F6C100370331 /* AudioToolbox.framework in Frameworks */,
				14BD73E524A4F6C100370331 /* Carbon.framework in Frameworks */,
				14BD73E624A4F6C100370331 /* Cocoa.framework in Frameworks */,
				14BD73E724A4F6C100370331 /* CoreAudio.framework in Frameworks */,
				14BD73E824A4F6C100370331 /* CoreAudioKit.framework in Frameworks */,
				14BD73E924A4F6C100370331 /* CoreMIDI.framework in Frameworks */,
				14BD73EA24A4F6C100370331 /* DiscRecording.framework in Frameworks */,
				14BD73EB24A4F6C100370331 /* IOKit.framework in Frameworks */,
				14BD73EC24A4F6C100370331 /* OpenGL.framework in Frameworks */,
				14BD73ED24A4F6C100370331 /* QuartzCore.framework in Frameworks */,
				14BD73EE24A4F6C100370331 /* WebKit.framework in Frameworks */,
			);
			runOnlyForDeploymentPostprocessing = 0;
		};
/* End PBXFrameworksBuildPhase section */

/* Begin PBXGroup section */
		09BFEC4F5DCEAF6A04AF2D40 /* JUCE Library Code */ = {
			isa = PBXGroup;
			children = (
				DC5B1FDEE36854874FE1F035 /* AppConfig.h */,
				BFF0AD22F801F17F1701C736 /* include_juce_audio_basics.mm */,
				8C59F4FD273D974B5F59409C /* include_juce_audio_devices.mm */,
				081D429153B80683B512BF93 /* include_juce_audio_formats.mm */,
				962D6CAB5BAB5C2C22F6460C /* include_juce_audio_plugin_client_AU.r */,
				39A4CE423CE85260FEE513FF /* include_juce_audio_plugin_client_AU_1.mm */,
				7F083AFC533A2BEF42916C21 /* include_juce_audio_plugin_client_AU_2.mm */,
				51F8213D5ECCA4F86F4A47E4 /* include_juce_audio_plugin_client_Standalone.cpp */,
				FA237ECFEF381FA3B06E2955 /* include_juce_audio_plugin_client_utils.cpp */,
				3BC17E3FD8B3C7A791342185 /* include_juce_audio_plugin_client_VST_utils.mm */,
				5598D3773C609B9CAB39C465 /* include_juce_audio_plugin_client_VST3.cpp */,
				31AEE3C7CB4AC44700C998C2 /* include_juce_audio_processors.mm */,
				D4EBF9D32CCE91D1158E1B37 /* include_juce_audio_utils.mm */,
				80B831D08AE9BC1268F49A3B /* include_juce_core.mm */,
				62BCF5DE2DD305E30B85890B /* include_juce_cryptography.mm */,
				4A5CA35D9B415BD7287CCD62 /* include_juce_data_structures.mm */,
				2B809D1435EA24CFA2AD5359 /* include_juce_events.mm */,
				587698768F90511695DF5424 /* include_juce_graphics.mm */,
				686DCC59A034A1BE651CB435 /* include_juce_gui_basics.mm */,
				E38FEA63E66537A263C1D230 /* include_juce_gui_extra.mm */,
				3925FFBCC02B2ABAA75F4347 /* include_juce_opengl.mm */,
				22C6911D4B8B93CC5FFA4165 /* JuceHeader.h */,
			);
			name = "JUCE Library Code";
			sourceTree = "<group>";
		};
		35A88E0DF943BB731C4AC73A /* 19TETSynth */ = {
			isa = PBXGroup;
			children = (
				F271F6C2D5A4EFE0400232F1 /* Source */,
			);
			name = 19TETSynth;
			sourceTree = "<group>";
		};
		591FA73FE2ECD3D24CFCD739 /* JUCE Modules */ = {
			isa = PBXGroup;
			children = (
				106D7EF710A1C26AC0547164 /* juce_audio_basics */,
				C0A85D00FABDD04D692F5CA6 /* juce_audio_devices */,
				1DF5350CA3D08161FBD67059 /* juce_audio_formats */,
				DFDC46DFC77B8DC36FD91C15 /* juce_audio_plugin_client */,
				BF97DD5F27C275E7E7F32D1E /* juce_audio_processors */,
				4823F86CAD14112F3108725A /* juce_audio_utils */,
				1EBFA533C3A8E0B7492B30EA /* juce_core */,
				DF301573BDE2372E23B47793 /* juce_cryptography */,
				70DA8B508B0D07947FB47563 /* juce_data_structures */,
				19BA8D2BE9749F40D8C1F67B /* juce_events */,
				E0395F944DE3118E4D2D4FB4 /* juce_graphics */,
				91702340094687721906C6F5 /* juce_gui_basics */,
				3C8529200FCCD595C98D218D /* juce_gui_extra */,
				48F37576A937FAD6D9B27425 /* juce_opengl */,
			);
			name = "JUCE Modules";
			sourceTree = "<group>";
		};
		6C08ABBFA857088F892D9296 /* Products */ = {
			isa = PBXGroup;
			children = (
				C5821D2A9CCC65D3D11F6104 /* 19TETSynth.vst3 */,
				3EEA0F8302EE361AE23F01EA /* 19TETSynth.component */,
				81130809E4BEF18D75A97806 /* 19TETSynth.app */,
				92791A30DD82AA1F660A4732 /* lib19TETSynth.a */,
			);
			name = Products;
			sourceTree = "<group>";
		};
		7E828422FBE59CE1A912CB4D /* Frameworks */ = {
			isa = PBXGroup;
			children = (
				3C55B2503E6FCF0D875537AA /* AudioUnit.framework */,
				8FDBF2ECB515E197CCB90191 /* Accelerate.framework */,
				1D56A3DA0EEED48BE3ED2B45 /* AudioToolbox.framework */,
				CA07E4598DC4A2ECB179DD5E /* Carbon.framework */,
				C5004B6AFF5A9E1CAF4E483D /* Cocoa.framework */,
				E315B5B0607229C50F14CCE5 /* CoreAudio.framework */,
				FE1D6ECF9CC7C6FA5AB7964B /* CoreAudioKit.framework */,
				A7DBA404F31ABE2F7FEEE7B4 /* CoreMIDI.framework */,
				902065CCA25926055C62C8DB /* DiscRecording.framework */,
				1BA044ABC31569A0C94DEE00 /* IOKit.framework */,
				EC957592FCFBEF99563856EA /* OpenGL.framework */,
				AB1D1D86CF2054189CB3EEA2 /* QuartzCore.framework */,
				03AE95123453DAFD6E61EB8A /* WebKit.framework */,
			);
			name = Frameworks;
			sourceTree = "<group>";
		};
		85B7A3412407FC18CFA90B18 /* Source */ = {
			isa = PBXGroup;
			children = (
				35A88E0DF943BB731C4AC73A /* 19TETSynth */,
				591FA73FE2ECD3D24CFCD739 /* JUCE Modules */,
				09BFEC4F5DCEAF6A04AF2D40 /* JUCE Library Code */,
				9B11CFFCD7E41ABCD0AD9912 /* Resources */,
				7E828422FBE59CE1A912CB4D /* Frameworks */,
				6C08ABBFA857088F892D9296 /* Products */,
			);
			name = Source;
			sourceTree = "<group>";
		};
		9B11CFFCD7E41ABCD0AD9912 /* Resources */ = {
			isa = PBXGroup;
			children = (
				C18D1DCE6C30A68BE9D7D3E7 /* Info-VST3.plist */,
				7C8F6956AA21A7C91FD81FFC /* Info-AU.plist */,
				475B1E066F7184BAD8F7F0B5 /* Info-Standalone_Plugin.plist */,
				94B1CBF454C9E5E8CA3832A8 /* RecentFilesMenuTemplate.nib */,
			);
			name = Resources;
			sourceTree = "<group>";
		};
		F271F6C2D5A4EFE0400232F1 /* Source */ = {
			isa = PBXGroup;
			children = (
				C644C5D07398DB431C20C3B5 /* PluginProcessor.cpp */,
				8175CDE532974D07926EF747 /* PluginProcessor.h */,
				8620BF6C980C30BF3A132CEE /* PluginEditor.cpp */,
				4AC9B3FEA35276B10A8A4D29 /* SynthSound.h */,
				F211D14AB426006241CB5EC1 /* SynthVoice.h */,
				F04C6DC15C72EB9A91E16865 /* PluginEditor.h */,
			);
			name = Source;
			sourceTree = "<group>";
		};
/* End PBXGroup section */

/* Begin PBXNativeTarget section */
		0D140891D06D06D0AC87C01F /* 19TETSynth - Standalone Plugin */ = {
			isa = PBXNativeTarget;
			buildConfigurationList = 066DDE6297348D2D9E63B4BC /* Build configuration list for PBXNativeTarget "19TETSynth - Standalone Plugin" */;
			buildPhases = (
				BCE4B99B7765128DFD9C8126 /* Resources */,
				3A329568A78C0578F1AF27F1 /* Sources */,
				B633765587017C2828F89D26 /* Frameworks */,
			);
			buildRules = (
			);
			dependencies = (
				2E908CBC21FA352C786231DB /* PBXTargetDependency */,
			);
			name = "19TETSynth - Standalone Plugin";
			productName = 19TETSynth;
			productReference = 81130809E4BEF18D75A97806 /* 19TETSynth.app */;
			productType = "com.apple.product-type.application";
		};
		2BCB498ECC91845D96995FB3 /* 19TETSynth - VST3 */ = {
			isa = PBXNativeTarget;
			buildConfigurationList = 0DCF8B2B4524ACE32C819B03 /* Build configuration list for PBXNativeTarget "19TETSynth - VST3" */;
			buildPhases = (
				17507F21AFC166139A2D50DB /* Resources */,
				472AE2A0FB0652E78EC598A0 /* Sources */,
				3C9B944B1D890AC8986A427B /* Frameworks */,
			);
			buildRules = (
			);
			dependencies = (
				2E908CBC21FA352C786231DB /* PBXTargetDependency */,
			);
			name = "19TETSynth - VST3";
			productName = 19TETSynth;
			productReference = C5821D2A9CCC65D3D11F6104 /* 19TETSynth.vst3 */;
			productType = "com.apple.product-type.bundle";
		};
		4BEEDDBD3930B4BC9757C1E4 /* 19TETSynth - AU */ = {
			isa = PBXNativeTarget;
			buildConfigurationList = B0C094006F6F15EDDB1DE411 /* Build configuration list for PBXNativeTarget "19TETSynth - AU" */;
			buildPhases = (
				49BB09C1A842F57C768BF11D /* Resources */,
				3D1521CF468200E6CE5E0109 /* Rez */,
				B8A7C60156C7ACF602A6B69B /* Sources */,
				6F568118B0EDBD52EE3710DA /* Frameworks */,
			);
			buildRules = (
			);
			dependencies = (
				2E908CBC21FA352C786231DB /* PBXTargetDependency */,
			);
			name = "19TETSynth - AU";
			productName = 19TETSynth;
			productReference = 3EEA0F8302EE361AE23F01EA /* 19TETSynth.component */;
			productType = "com.apple.product-type.bundle";
		};
		A3F63ACC04962B4D354A8F30 /* 19TETSynth - Shared Code */ = {
			isa = PBXNativeTarget;
			buildConfigurationList = E1FD332FC361C4733615BA64 /* Build configuration list for PBXNativeTarget "19TETSynth - Shared Code" */;
			buildPhases = (
				7D3848FEA276FBD67801B26F /* Sources */,
			);
			buildRules = (
			);
			dependencies = (
			);
			name = "19TETSynth - Shared Code";
			productName = 19TETSynth;
			productReference = 92791A30DD82AA1F660A4732 /* lib19TETSynth.a */;
			productType = "com.apple.product-type.library.static";
		};
/* End PBXNativeTarget section */

/* Begin PBXProject section */
		AFC187B3BDDCB80B4C32B176 /* Project object */ = {
			isa = PBXProject;
			attributes = {
				LastUpgradeCheck = 1100;
				ORGANIZATIONNAME = "";
				TargetAttributes = {
					0D140891D06D06D0AC87C01F = {
						SystemCapabilities = {
							com.apple.ApplicationGroups.iOS = {
								enabled = 0;
							};
							com.apple.HardenedRuntime = {
								enabled = 0;
							};
							com.apple.InAppPurchase = {
								enabled = 0;
							};
							com.apple.InterAppAudio = {
								enabled = 0;
							};
							com.apple.Push = {
								enabled = 0;
							};
							com.apple.Sandbox = {
								enabled = 0;
							};
						};
					};
					2BCB498ECC91845D96995FB3 = {
						SystemCapabilities = {
							com.apple.ApplicationGroups.iOS = {
								enabled = 0;
							};
							com.apple.HardenedRuntime = {
								enabled = 0;
							};
							com.apple.InAppPurchase = {
								enabled = 0;
							};
							com.apple.InterAppAudio = {
								enabled = 0;
							};
							com.apple.Push = {
								enabled = 0;
							};
							com.apple.Sandbox = {
								enabled = 0;
							};
						};
					};
					4BEEDDBD3930B4BC9757C1E4 = {
						SystemCapabilities = {
							com.apple.ApplicationGroups.iOS = {
								enabled = 0;
							};
							com.apple.HardenedRuntime = {
								enabled = 0;
							};
							com.apple.InAppPurchase = {
								enabled = 0;
							};
							com.apple.InterAppAudio = {
								enabled = 0;
							};
							com.apple.Push = {
								enabled = 0;
							};
							com.apple.Sandbox = {
								enabled = 0;
							};
						};
					};
					9E7DF450A20A4E49818B7EA9 = {
						SystemCapabilities = {
							com.apple.ApplicationGroups.iOS = {
								enabled = 0;
							};
							com.apple.HardenedRuntime = {
								enabled = 0;
							};
							com.apple.InAppPurchase = {
								enabled = 0;
							};
							com.apple.InterAppAudio = {
								enabled = 0;
							};
							com.apple.Push = {
								enabled = 0;
							};
							com.apple.Sandbox = {
								enabled = 0;
							};
						};
					};
					A3F63ACC04962B4D354A8F30 = {
						SystemCapabilities = {
							com.apple.ApplicationGroups.iOS = {
								enabled = 0;
							};
							com.apple.HardenedRuntime = {
								enabled = 0;
							};
							com.apple.InAppPurchase = {
								enabled = 0;
							};
							com.apple.InterAppAudio = {
								enabled = 0;
							};
							com.apple.Push = {
								enabled = 0;
							};
							com.apple.Sandbox = {
								enabled = 0;
							};
						};
					};
				};
			};
			buildConfigurationList = 8C102072AE8A3D58ECBB3D51 /* Build configuration list for PBXProject "19TETSynth" */;
			compatibilityVersion = "Xcode 3.2";
			developmentRegion = en;
			hasScannedForEncodings = 0;
			knownRegions = (
				en,
				Base,
			);
			mainGroup = 85B7A3412407FC18CFA90B18 /* Source */;
			projectDirPath = "";
			projectRoot = "";
			targets = (
				9E7DF450A20A4E49818B7EA9 /* 19TETSynth - All */,
				2BCB498ECC91845D96995FB3 /* 19TETSynth - VST3 */,
				4BEEDDBD3930B4BC9757C1E4 /* 19TETSynth - AU */,
				0D140891D06D06D0AC87C01F /* 19TETSynth - Standalone Plugin */,
				A3F63ACC04962B4D354A8F30 /* 19TETSynth - Shared Code */,
			);
		};
/* End PBXProject section */

/* Begin PBXResourcesBuildPhase section */
		17507F21AFC166139A2D50DB /* Resources */ = {
			isa = PBXResourcesBuildPhase;
			buildActionMask = 2147483647;
			files = (
				F6DAE26989475055CC6A86FD /* RecentFilesMenuTemplate.nib in Resources */,
			);
			runOnlyForDeploymentPostprocessing = 0;
		};
		49BB09C1A842F57C768BF11D /* Resources */ = {
			isa = PBXResourcesBuildPhase;
			buildActionMask = 2147483647;
			files = (
				14BD73D524A4F6C100370331 /* RecentFilesMenuTemplate.nib in Resources */,
			);
			runOnlyForDeploymentPostprocessing = 0;
		};
		BCE4B99B7765128DFD9C8126 /* Resources */ = {
			isa = PBXResourcesBuildPhase;
			buildActionMask = 2147483647;
			files = (
				14BD73E224A4F6C100370331 /* RecentFilesMenuTemplate.nib in Resources */,
			);
			runOnlyForDeploymentPostprocessing = 0;
		};
/* End PBXResourcesBuildPhase section */

/* Begin PBXRezBuildPhase section */
		3D1521CF468200E6CE5E0109 /* Rez */ = {
			isa = PBXRezBuildPhase;
			buildActionMask = 2147483647;
			files = (
				594FBAEBFD24AF9CAC2AD1FC /* include_juce_audio_plugin_client_AU.r in Rez */,
			);
			runOnlyForDeploymentPostprocessing = 0;
		};
/* End PBXRezBuildPhase section */

/* Begin PBXSourcesBuildPhase section */
		3A329568A78C0578F1AF27F1 /* Sources */ = {
			isa = PBXSourcesBuildPhase;
			buildActionMask = 2147483647;
			files = (
				16E96323B3215E033CBDC29B /* include_juce_audio_plugin_client_Standalone.cpp in Sources */,
			);
			runOnlyForDeploymentPostprocessing = 0;
		};
		472AE2A0FB0652E78EC598A0 /* Sources */ = {
			isa = PBXSourcesBuildPhase;
			buildActionMask = 2147483647;
			files = (
				8D12D580DBBC6A327BC5A474 /* include_juce_audio_plugin_client_VST3.cpp in Sources */,
			);
			runOnlyForDeploymentPostprocessing = 0;
		};
		7D3848FEA276FBD67801B26F /* Sources */ = {
			isa = PBXSourcesBuildPhase;
			buildActionMask = 2147483647;
			files = (
				50A5746B3C2B8CFFB3E14DB7 /* PluginProcessor.cpp in Sources */,
				5F6879A01A0DE19045DD9D17 /* PluginEditor.cpp in Sources */,
				725034B8FF8E2056294627BA /* include_juce_audio_basics.mm in Sources */,
				CF55F861BB593488D9FBFBD5 /* include_juce_audio_devices.mm in Sources */,
				8BE60DFFDD6D56C9A8A41FE0 /* include_juce_audio_formats.mm in Sources */,
				46D35FBC33EEC03D316AC958 /* include_juce_audio_plugin_client_utils.cpp in Sources */,
				2491D7E44C8D476687F56FC3 /* include_juce_audio_plugin_client_VST_utils.mm in Sources */,
				1D8A3F4215B03C1D0DB7F739 /* include_juce_audio_processors.mm in Sources */,
				F60347ACB30B2CCB52BD246B /* include_juce_audio_utils.mm in Sources */,
				164EEE75A821898D77C9EF2D /* include_juce_core.mm in Sources */,
				E1126D251EF458EC43770B6D /* include_juce_cryptography.mm in Sources */,
				A11F4454780AEFF0DBE9A6D2 /* include_juce_data_structures.mm in Sources */,
				9F356EB56E222C13E7DC8584 /* include_juce_events.mm in Sources */,
				D89E7222AC6FD17321D66B9E /* include_juce_graphics.mm in Sources */,
				9EC778BFEA60B4768640A9BB /* include_juce_gui_basics.mm in Sources */,
				9445E3FFF5D78F61ED1D1032 /* include_juce_gui_extra.mm in Sources */,
				1B07716E153840B136480048 /* include_juce_opengl.mm in Sources */,
			);
			runOnlyForDeploymentPostprocessing = 0;
		};
		B8A7C60156C7ACF602A6B69B /* Sources */ = {
			isa = PBXSourcesBuildPhase;
			buildActionMask = 2147483647;
			files = (
				2A7B109FA762059AF1239D84 /* include_juce_audio_plugin_client_AU_1.mm in Sources */,
				7CFF2BE8DA69502B124762FF /* include_juce_audio_plugin_client_AU_2.mm in Sources */,
			);
			runOnlyForDeploymentPostprocessing = 0;
		};
/* End PBXSourcesBuildPhase section */

/* Begin PBXTargetDependency section */
		2E908CBC21FA352C786231DB /* PBXTargetDependency */ = {
			isa = PBXTargetDependency;
			target = A3F63ACC04962B4D354A8F30 /* 19TETSynth - Shared Code */;
			targetProxy = 14BD73EF24A4F6C200370331 /* PBXContainerItemProxy */;
		};
		727670293536433287E79301 /* PBXTargetDependency */ = {
			isa = PBXTargetDependency;
			target = 4BEEDDBD3930B4BC9757C1E4 /* 19TETSynth - AU */;
			targetProxy = 14BD73F124A4F6C200370331 /* PBXContainerItemProxy */;
		};
		A7BB6151C9BAE41AB10D2B75 /* PBXTargetDependency */ = {
			isa = PBXTargetDependency;
			target = 2BCB498ECC91845D96995FB3 /* 19TETSynth - VST3 */;
			targetProxy = 14BD73F024A4F6C200370331 /* PBXContainerItemProxy */;
		};
		CF3B3107AD392722C588F9C2 /* PBXTargetDependency */ = {
			isa = PBXTargetDependency;
			target = 0D140891D06D06D0AC87C01F /* 19TETSynth - Standalone Plugin */;
			targetProxy = 14BD73F224A4F6C200370331 /* PBXContainerItemProxy */;
		};
/* End PBXTargetDependency section */

/* Begin XCBuildConfiguration section */
		18BC544221AF7EAEF233E027 /* Release */ = {
			isa = XCBuildConfiguration;
			buildSettings = {
				ALWAYS_SEARCH_USER_PATHS = NO;
				CLANG_ENABLE_OBJC_WEAK = YES;
				CLANG_WARN_BLOCK_CAPTURE_AUTORELEASING = YES;
				CLANG_WARN_BOOL_CONVERSION = YES;
				CLANG_WARN_COMMA = YES;
				CLANG_WARN_CONSTANT_CONVERSION = YES;
				CLANG_WARN_DEPRECATED_OBJC_IMPLEMENTATIONS = YES;
				CLANG_WARN_EMPTY_BODY = YES;
				CLANG_WARN_ENUM_CONVERSION = YES;
				CLANG_WARN_INFINITE_RECURSION = YES;
				CLANG_WARN_INT_CONVERSION = YES;
				CLANG_WARN_NON_LITERAL_NULL_CONVERSION = YES;
				CLANG_WARN_OBJC_IMPLICIT_RETAIN_SELF = YES;
				CLANG_WARN_OBJC_LITERAL_CONVERSION = YES;
				CLANG_WARN_RANGE_LOOP_ANALYSIS = YES;
				CLANG_WARN_STRICT_PROTOTYPES = YES;
				CLANG_WARN_SUSPICIOUS_MOVE = YES;
				CLANG_WARN_UNREACHABLE_CODE = YES;
				CLANG_WARN__DUPLICATE_METHOD_MATCH = YES;
				CODE_SIGN_IDENTITY = "";
				DEBUG_INFORMATION_FORMAT = dwarf;
				ENABLE_STRICT_OBJC_MSGSEND = YES;
				GCC_C_LANGUAGE_STANDARD = c11;
				GCC_INLINES_ARE_PRIVATE_EXTERN = YES;
				GCC_MODEL_TUNING = G5;
				GCC_NO_COMMON_BLOCKS = YES;
				GCC_WARN_64_TO_32_BIT_CONVERSION = YES;
				GCC_WARN_ABOUT_RETURN_TYPE = YES;
				GCC_WARN_CHECK_SWITCH_STATEMENTS = YES;
				GCC_WARN_MISSING_PARENTHESES = YES;
				GCC_WARN_NON_VIRTUAL_DESTRUCTOR = YES;
				GCC_WARN_TYPECHECK_CALLS_TO_PRINTF = YES;
				GCC_WARN_UNDECLARED_SELECTOR = YES;
				GCC_WARN_UNINITIALIZED_AUTOS = YES;
				GCC_WARN_UNUSED_FUNCTION = YES;
				GCC_WARN_UNUSED_VARIABLE = YES;
				PRODUCT_NAME = 19TETSynth;
				SDKROOT = macosx;
				WARNING_CFLAGS = "-Wreorder";
				ZERO_LINK = NO;
			};
			name = Release;
		};
		48606C4ABAB68C7C38A81D9E /* Debug */ = {
			isa = XCBuildConfiguration;
			buildSettings = {
				CLANG_CXX_LANGUAGE_STANDARD = "c++14";
				CLANG_CXX_LIBRARY = "libc++";
				CLANG_LINK_OBJC_RUNTIME = NO;
				CODE_SIGN_IDENTITY = "";
				COMBINE_HIDPI_IMAGES = YES;
				CONFIGURATION_BUILD_DIR = "$(PROJECT_DIR)/build/$(CONFIGURATION)";
				COPY_PHASE_STRIP = NO;
				DEPLOYMENT_LOCATION = YES;
				DSTROOT = /;
				GCC_DYNAMIC_NO_PIC = NO;
				GCC_OPTIMIZATION_LEVEL = 0;
				GCC_PREPROCESSOR_DEFINITIONS = (
					"_DEBUG=1",
					"DEBUG=1",
					"JUCER_XCODE_MAC_F6D2F4CF=1",
					"JUCE_APP_VERSION=1.0.0",
					"JUCE_APP_VERSION_HEX=0x10000",
					"JucePlugin_Build_VST=0",
					"JucePlugin_Build_VST3=0",
					"JucePlugin_Build_AU=1",
					"JucePlugin_Build_AUv3=0",
					"JucePlugin_Build_RTAS=0",
					"JucePlugin_Build_AAX=0",
					"JucePlugin_Build_Standalone=0",
					"JucePlugin_Build_Unity=0",
				);
				GCC_VERSION = com.apple.compilers.llvm.clang.1_0;
				GENERATE_PKGINFO_FILE = YES;
				HEADER_SEARCH_PATHS = (
					/Users/zack/Documents/JUCE/modules/juce_audio_processors/format_types/VST3_SDK,
					../../JuceLibraryCode,
					/Users/zack/Documents/JUCE/modules,
					/Users/zack/Documents/JUCE/modules/juce_audio_plugin_client,
					"$(inherited)",
				);
				INFOPLIST_FILE = "Info-AU.plist";
				INFOPLIST_PREPROCESS = NO;
				INSTALL_PATH = "$(HOME)/Library/Audio/Plug-Ins/Components/";
				LIBRARY_STYLE = Bundle;
				MACOSX_DEPLOYMENT_TARGET = 10.11;
				OTHER_LDFLAGS = (
					"-bundle",
					"-l19TETSynth",
				);
				OTHER_REZFLAGS = "-d ppc_$ppc -d i386_$i386 -d ppc64_$ppc64 -d x86_64_$x86_64 -I /System/Library/Frameworks/CoreServices.framework/Frameworks/CarbonCore.framework/Versions/A/Headers -I \"$(DEVELOPER_DIR)/Extras/CoreAudio/AudioUnits/AUPublic/AUBase\" -I \"$(DEVELOPER_DIR)/Platforms/MacOSX.platform/Developer/SDKs/MacOSX.sdk/System/Library/Frameworks/AudioUnit.framework/Headers\"";
				PRODUCT_BUNDLE_IDENTIFIER = com.yourcompany._19TETSynth;
				PRODUCT_NAME = 19TETSynth;
				USE_HEADERMAP = NO;
				WRAPPER_EXTENSION = component;
			};
			name = Debug;
		};
		48DE031D9B0DCD9910E9E49F /* Debug */ = {
			isa = XCBuildConfiguration;
			buildSettings = {
				CLANG_CXX_LANGUAGE_STANDARD = "c++14";
				CLANG_CXX_LIBRARY = "libc++";
				CLANG_LINK_OBJC_RUNTIME = NO;
				CODE_SIGN_IDENTITY = "";
				COMBINE_HIDPI_IMAGES = YES;
				CONFIGURATION_BUILD_DIR = "$(PROJECT_DIR)/build/$(CONFIGURATION)";
				COPY_PHASE_STRIP = NO;
				GCC_DYNAMIC_NO_PIC = NO;
				GCC_OPTIMIZATION_LEVEL = 0;
				GCC_PREPROCESSOR_DEFINITIONS = (
					"_DEBUG=1",
					"DEBUG=1",
					"JUCER_XCODE_MAC_F6D2F4CF=1",
					"JUCE_APP_VERSION=1.0.0",
					"JUCE_APP_VERSION_HEX=0x10000",
					"JucePlugin_Build_VST=0",
					"JucePlugin_Build_VST3=0",
					"JucePlugin_Build_AU=0",
					"JucePlugin_Build_AUv3=0",
					"JucePlugin_Build_RTAS=0",
					"JucePlugin_Build_AAX=0",
					"JucePlugin_Build_Standalone=1",
					"JucePlugin_Build_Unity=0",
				);
				GCC_VERSION = com.apple.compilers.llvm.clang.1_0;
				HEADER_SEARCH_PATHS = (
					/Users/zack/Documents/JUCE/modules/juce_audio_processors/format_types/VST3_SDK,
					../../JuceLibraryCode,
					/Users/zack/Documents/JUCE/modules,
					/Users/zack/Documents/JUCE/modules/juce_audio_plugin_client,
					"$(inherited)",
				);
				INFOPLIST_FILE = "Info-Standalone_Plugin.plist";
				INFOPLIST_PREPROCESS = NO;
				MACOSX_DEPLOYMENT_TARGET = 10.11;
				OTHER_LDFLAGS = "-l19TETSynth";
				PRODUCT_BUNDLE_IDENTIFIER = com.yourcompany._19TETSynth;
				PRODUCT_NAME = 19TETSynth;
				USE_HEADERMAP = NO;
			};
			name = Debug;
		};
		53744F7877012A286DAA62A3 /* Release */ = {
			isa = XCBuildConfiguration;
			buildSettings = {
				CLANG_CXX_LANGUAGE_STANDARD = "c++14";
				CLANG_CXX_LIBRARY = "libc++";
				CLANG_LINK_OBJC_RUNTIME = NO;
				CODE_SIGN_IDENTITY = "";
				COMBINE_HIDPI_IMAGES = YES;
				CONFIGURATION_BUILD_DIR = "$(PROJECT_DIR)/build/$(CONFIGURATION)";
				DEAD_CODE_STRIPPING = YES;
				GCC_GENERATE_DEBUGGING_SYMBOLS = NO;
				GCC_OPTIMIZATION_LEVEL = 3;
				GCC_PREPROCESSOR_DEFINITIONS = (
					"_NDEBUG=1",
					"NDEBUG=1",
					"JUCER_XCODE_MAC_F6D2F4CF=1",
					"JUCE_APP_VERSION=1.0.0",
					"JUCE_APP_VERSION_HEX=0x10000",
					"JucePlugin_Build_VST=0",
					"JucePlugin_Build_VST3=1",
					"JucePlugin_Build_AU=1",
					"JucePlugin_Build_AUv3=0",
					"JucePlugin_Build_RTAS=0",
					"JucePlugin_Build_AAX=0",
					"JucePlugin_Build_Standalone=1",
					"JucePlugin_Build_Unity=0",
					"JUCE_SHARED_CODE=1",
				);
				GCC_SYMBOLS_PRIVATE_EXTERN = YES;
				GCC_VERSION = com.apple.compilers.llvm.clang.1_0;
				HEADER_SEARCH_PATHS = (
					/Users/zack/Documents/JUCE/modules/juce_audio_processors/format_types/VST3_SDK,
					../../JuceLibraryCode,
					/Users/zack/Documents/JUCE/modules,
					/Users/zack/Documents/JUCE/modules/juce_audio_plugin_client,
					"$(inherited)",
				);
				INSTALL_PATH = "@executable_path/../Frameworks";
				LLVM_LTO = YES;
				MACOSX_DEPLOYMENT_TARGET = 10.11;
				PRODUCT_BUNDLE_IDENTIFIER = com.yourcompany._19TETSynth;
				PRODUCT_NAME = 19TETSynth;
				SKIP_INSTALL = YES;
				USE_HEADERMAP = NO;
			};
			name = Release;
		};
		9944B7FA39092AF1F1223B55 /* Debug */ = {
			isa = XCBuildConfiguration;
			buildSettings = {
				CLANG_CXX_LANGUAGE_STANDARD = "c++14";
				CLANG_CXX_LIBRARY = "libc++";
				CLANG_LINK_OBJC_RUNTIME = NO;
				CODE_SIGN_IDENTITY = "";
				COMBINE_HIDPI_IMAGES = YES;
				CONFIGURATION_BUILD_DIR = "$(PROJECT_DIR)/build/$(CONFIGURATION)";
				COPY_PHASE_STRIP = NO;
				DEPLOYMENT_LOCATION = YES;
				DSTROOT = /;
				GCC_DYNAMIC_NO_PIC = NO;
				GCC_OPTIMIZATION_LEVEL = 0;
				GCC_PREPROCESSOR_DEFINITIONS = (
					"_DEBUG=1",
					"DEBUG=1",
					"JUCER_XCODE_MAC_F6D2F4CF=1",
					"JUCE_APP_VERSION=1.0.0",
					"JUCE_APP_VERSION_HEX=0x10000",
					"JucePlugin_Build_VST=0",
					"JucePlugin_Build_VST3=1",
					"JucePlugin_Build_AU=0",
					"JucePlugin_Build_AUv3=0",
					"JucePlugin_Build_RTAS=0",
					"JucePlugin_Build_AAX=0",
					"JucePlugin_Build_Standalone=0",
					"JucePlugin_Build_Unity=0",
				);
				GCC_VERSION = com.apple.compilers.llvm.clang.1_0;
				GENERATE_PKGINFO_FILE = YES;
				HEADER_SEARCH_PATHS = (
					/Users/zack/Documents/JUCE/modules/juce_audio_processors/format_types/VST3_SDK,
					../../JuceLibraryCode,
					/Users/zack/Documents/JUCE/modules,
					/Users/zack/Documents/JUCE/modules/juce_audio_plugin_client,
					"$(inherited)",
				);
				INFOPLIST_FILE = "Info-VST3.plist";
				INFOPLIST_PREPROCESS = NO;
				INSTALL_PATH = "$(HOME)/Library/Audio/Plug-Ins/VST3/";
				LIBRARY_STYLE = Bundle;
				MACOSX_DEPLOYMENT_TARGET = 10.11;
				OTHER_LDFLAGS = (
					"-bundle",
					"-l19TETSynth",
				);
				PRODUCT_BUNDLE_IDENTIFIER = com.yourcompany._19TETSynth;
				PRODUCT_NAME = 19TETSynth;
				USE_HEADERMAP = NO;
				WRAPPER_EXTENSION = vst3;
			};
			name = Debug;
		};
		9F068C349CDBE72D96E8C2D4 /* Debug */ = {
			isa = XCBuildConfiguration;
			buildSettings = {
				CLANG_CXX_LANGUAGE_STANDARD = "c++14";
				CLANG_CXX_LIBRARY = "libc++";
				CLANG_LINK_OBJC_RUNTIME = NO;
				CODE_SIGN_IDENTITY = "";
				COMBINE_HIDPI_IMAGES = YES;
				CONFIGURATION_BUILD_DIR = "$(PROJECT_DIR)/build/$(CONFIGURATION)";
				COPY_PHASE_STRIP = NO;
				GCC_DYNAMIC_NO_PIC = NO;
				GCC_OPTIMIZATION_LEVEL = 0;
				GCC_PREPROCESSOR_DEFINITIONS = (
					"_DEBUG=1",
					"DEBUG=1",
					"JUCER_XCODE_MAC_F6D2F4CF=1",
					"JUCE_APP_VERSION=1.0.0",
					"JUCE_APP_VERSION_HEX=0x10000",
					"JucePlugin_Build_VST=0",
					"JucePlugin_Build_VST3=1",
					"JucePlugin_Build_AU=1",
					"JucePlugin_Build_AUv3=0",
					"JucePlugin_Build_RTAS=0",
					"JucePlugin_Build_AAX=0",
					"JucePlugin_Build_Standalone=1",
					"JucePlugin_Build_Unity=0",
					"JUCE_SHARED_CODE=1",
				);
				GCC_VERSION = com.apple.compilers.llvm.clang.1_0;
				HEADER_SEARCH_PATHS = (
					/Users/zack/Documents/JUCE/modules/juce_audio_processors/format_types/VST3_SDK,
					../../JuceLibraryCode,
					/Users/zack/Documents/JUCE/modules,
					/Users/zack/Documents/JUCE/modules/juce_audio_plugin_client,
					"$(inherited)",
				);
				INSTALL_PATH = "@executable_path/../Frameworks";
				MACOSX_DEPLOYMENT_TARGET = 10.11;
				PRODUCT_BUNDLE_IDENTIFIER = com.yourcompany._19TETSynth;
				PRODUCT_NAME = 19TETSynth;
				SKIP_INSTALL = YES;
				USE_HEADERMAP = NO;
			};
			name = Debug;
		};
		AB92A68AE45ACCE59E00C1F3 /* Release */ = {
			isa = XCBuildConfiguration;
			buildSettings = {
				CLANG_CXX_LANGUAGE_STANDARD = "c++14";
				CLANG_CXX_LIBRARY = "libc++";
				CLANG_LINK_OBJC_RUNTIME = NO;
				CODE_SIGN_IDENTITY = "";
				COMBINE_HIDPI_IMAGES = YES;
				CONFIGURATION_BUILD_DIR = "$(PROJECT_DIR)/build/$(CONFIGURATION)";
				DEAD_CODE_STRIPPING = YES;
				DEPLOYMENT_LOCATION = YES;
				DSTROOT = /;
				GCC_GENERATE_DEBUGGING_SYMBOLS = NO;
				GCC_OPTIMIZATION_LEVEL = 3;
				GCC_PREPROCESSOR_DEFINITIONS = (
					"_NDEBUG=1",
					"NDEBUG=1",
					"JUCER_XCODE_MAC_F6D2F4CF=1",
					"JUCE_APP_VERSION=1.0.0",
					"JUCE_APP_VERSION_HEX=0x10000",
					"JucePlugin_Build_VST=0",
					"JucePlugin_Build_VST3=0",
					"JucePlugin_Build_AU=1",
					"JucePlugin_Build_AUv3=0",
					"JucePlugin_Build_RTAS=0",
					"JucePlugin_Build_AAX=0",
					"JucePlugin_Build_Standalone=0",
					"JucePlugin_Build_Unity=0",
				);
				GCC_SYMBOLS_PRIVATE_EXTERN = YES;
				GCC_VERSION = com.apple.compilers.llvm.clang.1_0;
				GENERATE_PKGINFO_FILE = YES;
				HEADER_SEARCH_PATHS = (
					/Users/zack/Documents/JUCE/modules/juce_audio_processors/format_types/VST3_SDK,
					../../JuceLibraryCode,
					/Users/zack/Documents/JUCE/modules,
					/Users/zack/Documents/JUCE/modules/juce_audio_plugin_client,
					"$(inherited)",
				);
				INFOPLIST_FILE = "Info-AU.plist";
				INFOPLIST_PREPROCESS = NO;
				INSTALL_PATH = "$(HOME)/Library/Audio/Plug-Ins/Components/";
				LIBRARY_STYLE = Bundle;
				LLVM_LTO = YES;
				MACOSX_DEPLOYMENT_TARGET = 10.11;
				OTHER_LDFLAGS = (
					"-bundle",
					"-l19TETSynth",
				);
				OTHER_REZFLAGS = "-d ppc_$ppc -d i386_$i386 -d ppc64_$ppc64 -d x86_64_$x86_64 -I /System/Library/Frameworks/CoreServices.framework/Frameworks/CarbonCore.framework/Versions/A/Headers -I \"$(DEVELOPER_DIR)/Extras/CoreAudio/AudioUnits/AUPublic/AUBase\" -I \"$(DEVELOPER_DIR)/Platforms/MacOSX.platform/Developer/SDKs/MacOSX.sdk/System/Library/Frameworks/AudioUnit.framework/Headers\"";
				PRODUCT_BUNDLE_IDENTIFIER = com.yourcompany._19TETSynth;
				PRODUCT_NAME = 19TETSynth;
				USE_HEADERMAP = NO;
				WRAPPER_EXTENSION = component;
			};
			name = Release;
		};
		B69EC8D63D0ECE53C85C9279 /* Debug */ = {
			isa = XCBuildConfiguration;
			buildSettings = {
				MACOSX_DEPLOYMENT_TARGET = 10.11;
				SDKROOT = macosx;
			};
			name = Debug;
		};
		C10BC7F3C604F8E451494D68 /* Release */ = {
			isa = XCBuildConfiguration;
			buildSettings = {
				CLANG_CXX_LANGUAGE_STANDARD = "c++14";
				CLANG_CXX_LIBRARY = "libc++";
				CLANG_LINK_OBJC_RUNTIME = NO;
				CODE_SIGN_IDENTITY = "";
				COMBINE_HIDPI_IMAGES = YES;
				CONFIGURATION_BUILD_DIR = "$(PROJECT_DIR)/build/$(CONFIGURATION)";
				DEAD_CODE_STRIPPING = YES;
				GCC_GENERATE_DEBUGGING_SYMBOLS = NO;
				GCC_OPTIMIZATION_LEVEL = 3;
				GCC_PREPROCESSOR_DEFINITIONS = (
					"_NDEBUG=1",
					"NDEBUG=1",
					"JUCER_XCODE_MAC_F6D2F4CF=1",
					"JUCE_APP_VERSION=1.0.0",
					"JUCE_APP_VERSION_HEX=0x10000",
					"JucePlugin_Build_VST=0",
					"JucePlugin_Build_VST3=0",
					"JucePlugin_Build_AU=0",
					"JucePlugin_Build_AUv3=0",
					"JucePlugin_Build_RTAS=0",
					"JucePlugin_Build_AAX=0",
					"JucePlugin_Build_Standalone=1",
					"JucePlugin_Build_Unity=0",
				);
				GCC_SYMBOLS_PRIVATE_EXTERN = YES;
				GCC_VERSION = com.apple.compilers.llvm.clang.1_0;
				HEADER_SEARCH_PATHS = (
					/Users/zack/Documents/JUCE/modules/juce_audio_processors/format_types/VST3_SDK,
					../../JuceLibraryCode,
					/Users/zack/Documents/JUCE/modules,
					/Users/zack/Documents/JUCE/modules/juce_audio_plugin_client,
					"$(inherited)",
				);
				INFOPLIST_FILE = "Info-Standalone_Plugin.plist";
				INFOPLIST_PREPROCESS = NO;
				LLVM_LTO = YES;
				MACOSX_DEPLOYMENT_TARGET = 10.11;
				OTHER_LDFLAGS = "-l19TETSynth";
				PRODUCT_BUNDLE_IDENTIFIER = com.yourcompany._19TETSynth;
				PRODUCT_NAME = 19TETSynth;
				USE_HEADERMAP = NO;
			};
			name = Release;
		};
		C1304B0BF0141435D2BA0815 /* Release */ = {
			isa = XCBuildConfiguration;
			buildSettings = {
				CLANG_CXX_LANGUAGE_STANDARD = "c++14";
				CLANG_CXX_LIBRARY = "libc++";
				CLANG_LINK_OBJC_RUNTIME = NO;
				CODE_SIGN_IDENTITY = "";
				COMBINE_HIDPI_IMAGES = YES;
				CONFIGURATION_BUILD_DIR = "$(PROJECT_DIR)/build/$(CONFIGURATION)";
				DEAD_CODE_STRIPPING = YES;
				DEPLOYMENT_LOCATION = YES;
				DSTROOT = /;
				GCC_GENERATE_DEBUGGING_SYMBOLS = NO;
				GCC_OPTIMIZATION_LEVEL = 3;
				GCC_PREPROCESSOR_DEFINITIONS = (
					"_NDEBUG=1",
					"NDEBUG=1",
					"JUCER_XCODE_MAC_F6D2F4CF=1",
					"JUCE_APP_VERSION=1.0.0",
					"JUCE_APP_VERSION_HEX=0x10000",
					"JucePlugin_Build_VST=0",
					"JucePlugin_Build_VST3=1",
					"JucePlugin_Build_AU=0",
					"JucePlugin_Build_AUv3=0",
					"JucePlugin_Build_RTAS=0",
					"JucePlugin_Build_AAX=0",
					"JucePlugin_Build_Standalone=0",
					"JucePlugin_Build_Unity=0",
				);
				GCC_SYMBOLS_PRIVATE_EXTERN = YES;
				GCC_VERSION = com.apple.compilers.llvm.clang.1_0;
				GENERATE_PKGINFO_FILE = YES;
				HEADER_SEARCH_PATHS = (
					/Users/zack/Documents/JUCE/modules/juce_audio_processors/format_types/VST3_SDK,
					../../JuceLibraryCode,
					/Users/zack/Documents/JUCE/modules,
					/Users/zack/Documents/JUCE/modules/juce_audio_plugin_client,
					"$(inherited)",
				);
				INFOPLIST_FILE = "Info-VST3.plist";
				INFOPLIST_PREPROCESS = NO;
				INSTALL_PATH = "$(HOME)/Library/Audio/Plug-Ins/VST3/";
				LIBRARY_STYLE = Bundle;
				LLVM_LTO = YES;
				MACOSX_DEPLOYMENT_TARGET = 10.11;
				OTHER_LDFLAGS = (
					"-bundle",
					"-l19TETSynth",
				);
				PRODUCT_BUNDLE_IDENTIFIER = com.yourcompany._19TETSynth;
				PRODUCT_NAME = 19TETSynth;
				USE_HEADERMAP = NO;
				WRAPPER_EXTENSION = vst3;
			};
			name = Release;
		};
		D8CE123B458DAC1C59DC04DF /* Release */ = {
			isa = XCBuildConfiguration;
			buildSettings = {
				MACOSX_DEPLOYMENT_TARGET = 10.11;
				SDKROOT = macosx;
			};
			name = Release;
		};
		E0985C2BB857AF885807DB96 /* Debug */ = {
			isa = XCBuildConfiguration;
			buildSettings = {
				ALWAYS_SEARCH_USER_PATHS = NO;
				CLANG_ENABLE_OBJC_WEAK = YES;
				CLANG_WARN_BLOCK_CAPTURE_AUTORELEASING = YES;
				CLANG_WARN_BOOL_CONVERSION = YES;
				CLANG_WARN_COMMA = YES;
				CLANG_WARN_CONSTANT_CONVERSION = YES;
				CLANG_WARN_DEPRECATED_OBJC_IMPLEMENTATIONS = YES;
				CLANG_WARN_EMPTY_BODY = YES;
				CLANG_WARN_ENUM_CONVERSION = YES;
				CLANG_WARN_INFINITE_RECURSION = YES;
				CLANG_WARN_INT_CONVERSION = YES;
				CLANG_WARN_NON_LITERAL_NULL_CONVERSION = YES;
				CLANG_WARN_OBJC_IMPLICIT_RETAIN_SELF = YES;
				CLANG_WARN_OBJC_LITERAL_CONVERSION = YES;
				CLANG_WARN_RANGE_LOOP_ANALYSIS = YES;
				CLANG_WARN_STRICT_PROTOTYPES = YES;
				CLANG_WARN_SUSPICIOUS_MOVE = YES;
				CLANG_WARN_UNREACHABLE_CODE = YES;
				CLANG_WARN__DUPLICATE_METHOD_MATCH = YES;
				CODE_SIGN_IDENTITY = "";
				DEBUG_INFORMATION_FORMAT = dwarf;
				ENABLE_STRICT_OBJC_MSGSEND = YES;
				ENABLE_TESTABILITY = YES;
				GCC_C_LANGUAGE_STANDARD = c11;
				GCC_INLINES_ARE_PRIVATE_EXTERN = YES;
				GCC_MODEL_TUNING = G5;
				GCC_NO_COMMON_BLOCKS = YES;
				GCC_WARN_64_TO_32_BIT_CONVERSION = YES;
				GCC_WARN_ABOUT_RETURN_TYPE = YES;
				GCC_WARN_CHECK_SWITCH_STATEMENTS = YES;
				GCC_WARN_MISSING_PARENTHESES = YES;
				GCC_WARN_NON_VIRTUAL_DESTRUCTOR = YES;
				GCC_WARN_TYPECHECK_CALLS_TO_PRINTF = YES;
				GCC_WARN_UNDECLARED_SELECTOR = YES;
				GCC_WARN_UNINITIALIZED_AUTOS = YES;
				GCC_WARN_UNUSED_FUNCTION = YES;
				GCC_WARN_UNUSED_VARIABLE = YES;
				ONLY_ACTIVE_ARCH = YES;
				PRODUCT_NAME = 19TETSynth;
				SDKROOT = macosx;
				WARNING_CFLAGS = "-Wreorder";
				ZERO_LINK = NO;
			};
			name = Debug;
		};
/* End XCBuildConfiguration section */

/* Begin XCConfigurationList section */
		066DDE6297348D2D9E63B4BC /* Build configuration list for PBXNativeTarget "19TETSynth - Standalone Plugin" */ = {
			isa = XCConfigurationList;
			buildConfigurations = (
				48DE031D9B0DCD9910E9E49F /* Debug */,
				C10BC7F3C604F8E451494D68 /* Release */,
			);
			defaultConfigurationIsVisible = 0;
			defaultConfigurationName = Debug;
		};
		0DCF8B2B4524ACE32C819B03 /* Build configuration list for PBXNativeTarget "19TETSynth - VST3" */ = {
			isa = XCConfigurationList;
			buildConfigurations = (
				9944B7FA39092AF1F1223B55 /* Debug */,
				C1304B0BF0141435D2BA0815 /* Release */,
			);
			defaultConfigurationIsVisible = 0;
			defaultConfigurationName = Debug;
		};
		8C102072AE8A3D58ECBB3D51 /* Build configuration list for PBXProject "19TETSynth" */ = {
			isa = XCConfigurationList;
			buildConfigurations = (
				E0985C2BB857AF885807DB96 /* Debug */,
				18BC544221AF7EAEF233E027 /* Release */,
			);
			defaultConfigurationIsVisible = 0;
			defaultConfigurationName = Debug;
		};
		B0C094006F6F15EDDB1DE411 /* Build configuration list for PBXNativeTarget "19TETSynth - AU" */ = {
			isa = XCConfigurationList;
			buildConfigurations = (
				48606C4ABAB68C7C38A81D9E /* Debug */,
				AB92A68AE45ACCE59E00C1F3 /* Release */,
			);
			defaultConfigurationIsVisible = 0;
			defaultConfigurationName = Debug;
		};
		B7188B35E440C26134E9A74D /* Build configuration list for PBXAggregateTarget "19TETSynth - All" */ = {
			isa = XCConfigurationList;
			buildConfigurations = (
				B69EC8D63D0ECE53C85C9279 /* Debug */,
				D8CE123B458DAC1C59DC04DF /* Release */,
			);
			defaultConfigurationIsVisible = 0;
			defaultConfigurationName = Debug;
		};
		E1FD332FC361C4733615BA64 /* Build configuration list for PBXNativeTarget "19TETSynth - Shared Code" */ = {
			isa = XCConfigurationList;
			buildConfigurations = (
				9F068C349CDBE72D96E8C2D4 /* Debug */,
				53744F7877012A286DAA62A3 /* Release */,
			);
			defaultConfigurationIsVisible = 0;
			defaultConfigurationName = Debug;
		};
/* End XCConfigurationList section */
	};
	rootObject = AFC187B3BDDCB80B4C32B176 /* Project object */;
}
